
Microsoft Visual Studio Solution File, Format Version 12.00
# Visual Studio 15
VisualStudioVersion = 15.0.28010.2050
MinimumVisualStudioVersion = 10.0.40219.1
Project("{8BC9CEB8-8B4A-11D0-8D11-00A0C91BC942}") = "123123", "123123\123123.vcxproj", "{7B95141B-4154-4547-8757-F293753E57F1}"
EndProject
Global
	GlobalSection(SolutionConfigurationPlatforms) = preSolution
		Debug|x64 = Debug|x64
		Debug|x86 = Debug|x86
		Release|x64 = Release|x64
		Release|x86 = Release|x86
	EndGlobalSection
	GlobalSection(ProjectConfigurationPlatforms) = postSolution
		{7B95141B-4154-4547-8757-F293753E57F1}.Debug|x64.ActiveCfg = Debug|x64
		{7B95141B-4154-4547-8757-F293753E57F1}.Debug|x64.Build.0 = Debug|x64
		{7B95141B-4154-4547-8757-F293753E57F1}.Debug|x86.ActiveCfg = Debug|Win32
		{7B95141B-4154-4547-8757-F293753E57F1}.Debug|x86.Build.0 = Debug|Win32
		{7B95141B-4154-4547-8757-F293753E57F1}.Release|x64.ActiveCfg = Release|x64
		{7B95141B-4154-4547-8757-F293753E57F1}.Release|x64.Build.0 = Release|x64
		{7B95141B-4154-4547-8757-F293753E57F1}.Release|x86.ActiveCfg = Release|Win32
		{7B95141B-4154-4547-8757-F293753E57F1}.Release|x86.Build.0 = Release|Win32
	EndGlobalSection
	GlobalSection(SolutionProperties) = preSolution
		HideSolutionNode = FALSE
	EndGlobalSection
	GlobalSection(ExtensibilityGlobals) = postSolution
		SolutionGuid = {4342E220-AACD-4785-9FC6-1634A311224D}
	EndGlobalSection
EndGlobal
