
Microsoft Visual Studio Solution File, Format Version 12.00
# Visual Studio 15
VisualStudioVersion = 15.0.28010.2050
MinimumVisualStudioVersion = 10.0.40219.1
Project("{8BC9CEB8-8B4A-11D0-8D11-00A0C91BC942}") = "KR1_list", "KR1_list\KR1_list.vcxproj", "{3CB55885-6E9D-4AC0-932F-3EA696854C54}"
EndProject
Global
	GlobalSection(SolutionConfigurationPlatforms) = preSolution
		Debug|x64 = Debug|x64
		Debug|x86 = Debug|x86
		Release|x64 = Release|x64
		Release|x86 = Release|x86
	EndGlobalSection
	GlobalSection(ProjectConfigurationPlatforms) = postSolution
		{3CB55885-6E9D-4AC0-932F-3EA696854C54}.Debug|x64.ActiveCfg = Debug|x64
		{3CB55885-6E9D-4AC0-932F-3EA696854C54}.Debug|x64.Build.0 = Debug|x64
		{3CB55885-6E9D-4AC0-932F-3EA696854C54}.Debug|x86.ActiveCfg = Debug|Win32
		{3CB55885-6E9D-4AC0-932F-3EA696854C54}.Debug|x86.Build.0 = Debug|Win32
		{3CB55885-6E9D-4AC0-932F-3EA696854C54}.Release|x64.ActiveCfg = Release|x64
		{3CB55885-6E9D-4AC0-932F-3EA696854C54}.Release|x64.Build.0 = Release|x64
		{3CB55885-6E9D-4AC0-932F-3EA696854C54}.Release|x86.ActiveCfg = Release|Win32
		{3CB55885-6E9D-4AC0-932F-3EA696854C54}.Release|x86.Build.0 = Release|Win32
	EndGlobalSection
	GlobalSection(SolutionProperties) = preSolution
		HideSolutionNode = FALSE
	EndGlobalSection
	GlobalSection(ExtensibilityGlobals) = postSolution
		SolutionGuid = {A02E7322-1EAF-4900-BB58-B27ECEA3A3A5}
	EndGlobalSection
EndGlobal
