
Microsoft Visual Studio Solution File, Format Version 12.00
# Visual Studio 15
VisualStudioVersion = 15.0.28307.329
MinimumVisualStudioVersion = 10.0.40219.1
Project("{8BC9CEB8-8B4A-11D0-8D11-00A0C91BC942}") = "WinAPI_2", "WinAPI_2\WinAPI_2.vcxproj", "{81EB9B83-7BCE-4FC8-A967-C7A6A5B76861}"
EndProject
Global
	GlobalSection(SolutionConfigurationPlatforms) = preSolution
		Debug|x64 = Debug|x64
		Debug|x86 = Debug|x86
		Release|x64 = Release|x64
		Release|x86 = Release|x86
	EndGlobalSection
	GlobalSection(ProjectConfigurationPlatforms) = postSolution
		{81EB9B83-7BCE-4FC8-A967-C7A6A5B76861}.Debug|x64.ActiveCfg = Debug|x64
		{81EB9B83-7BCE-4FC8-A967-C7A6A5B76861}.Debug|x64.Build.0 = Debug|x64
		{81EB9B83-7BCE-4FC8-A967-C7A6A5B76861}.Debug|x86.ActiveCfg = Debug|Win32
		{81EB9B83-7BCE-4FC8-A967-C7A6A5B76861}.Debug|x86.Build.0 = Debug|Win32
		{81EB9B83-7BCE-4FC8-A967-C7A6A5B76861}.Release|x64.ActiveCfg = Release|x64
		{81EB9B83-7BCE-4FC8-A967-C7A6A5B76861}.Release|x64.Build.0 = Release|x64
		{81EB9B83-7BCE-4FC8-A967-C7A6A5B76861}.Release|x86.ActiveCfg = Release|Win32
		{81EB9B83-7BCE-4FC8-A967-C7A6A5B76861}.Release|x86.Build.0 = Release|Win32
	EndGlobalSection
	GlobalSection(SolutionProperties) = preSolution
		HideSolutionNode = FALSE
	EndGlobalSection
	GlobalSection(ExtensibilityGlobals) = postSolution
		SolutionGuid = {D21A2F23-E523-47F9-AC4E-F0BEE5DFA54E}
	EndGlobalSection
EndGlobal
