
Microsoft Visual Studio Solution File, Format Version 12.00
# Visual Studio 15
VisualStudioVersion = 15.0.27130.2027
MinimumVisualStudioVersion = 10.0.40219.1
Project("{8BC9CEB8-8B4A-11D0-8D11-00A0C91BC942}") = "queue", "queue\queue.vcxproj", "{592E714B-9318-4ECA-BBCF-59D7981C168A}"
EndProject
Global
	GlobalSection(SolutionConfigurationPlatforms) = preSolution
		Debug|x64 = Debug|x64
		Debug|x86 = Debug|x86
		Release|x64 = Release|x64
		Release|x86 = Release|x86
	EndGlobalSection
	GlobalSection(ProjectConfigurationPlatforms) = postSolution
		{592E714B-9318-4ECA-BBCF-59D7981C168A}.Debug|x64.ActiveCfg = Debug|x64
		{592E714B-9318-4ECA-BBCF-59D7981C168A}.Debug|x64.Build.0 = Debug|x64
		{592E714B-9318-4ECA-BBCF-59D7981C168A}.Debug|x86.ActiveCfg = Debug|Win32
		{592E714B-9318-4ECA-BBCF-59D7981C168A}.Debug|x86.Build.0 = Debug|Win32
		{592E714B-9318-4ECA-BBCF-59D7981C168A}.Release|x64.ActiveCfg = Release|x64
		{592E714B-9318-4ECA-BBCF-59D7981C168A}.Release|x64.Build.0 = Release|x64
		{592E714B-9318-4ECA-BBCF-59D7981C168A}.Release|x86.ActiveCfg = Release|Win32
		{592E714B-9318-4ECA-BBCF-59D7981C168A}.Release|x86.Build.0 = Release|Win32
	EndGlobalSection
	GlobalSection(SolutionProperties) = preSolution
		HideSolutionNode = FALSE
	EndGlobalSection
	GlobalSection(ExtensibilityGlobals) = postSolution
		SolutionGuid = {84B15C3F-4D03-48FF-8B5D-3F90DC8E2238}
	EndGlobalSection
EndGlobal
