
Microsoft Visual Studio Solution File, Format Version 12.00
# Visual Studio 15
VisualStudioVersion = 15.0.28010.2050
MinimumVisualStudioVersion = 10.0.40219.1
Project("{8BC9CEB8-8B4A-11D0-8D11-00A0C91BC942}") = "DArray", "DArray\DArray.vcxproj", "{37D266EB-1D4B-4485-A9B8-88962B646ED3}"
EndProject
Global
	GlobalSection(SolutionConfigurationPlatforms) = preSolution
		Debug|x64 = Debug|x64
		Debug|x86 = Debug|x86
		Release|x64 = Release|x64
		Release|x86 = Release|x86
	EndGlobalSection
	GlobalSection(ProjectConfigurationPlatforms) = postSolution
		{37D266EB-1D4B-4485-A9B8-88962B646ED3}.Debug|x64.ActiveCfg = Debug|x64
		{37D266EB-1D4B-4485-A9B8-88962B646ED3}.Debug|x64.Build.0 = Debug|x64
		{37D266EB-1D4B-4485-A9B8-88962B646ED3}.Debug|x86.ActiveCfg = Debug|Win32
		{37D266EB-1D4B-4485-A9B8-88962B646ED3}.Debug|x86.Build.0 = Debug|Win32
		{37D266EB-1D4B-4485-A9B8-88962B646ED3}.Release|x64.ActiveCfg = Release|x64
		{37D266EB-1D4B-4485-A9B8-88962B646ED3}.Release|x64.Build.0 = Release|x64
		{37D266EB-1D4B-4485-A9B8-88962B646ED3}.Release|x86.ActiveCfg = Release|Win32
		{37D266EB-1D4B-4485-A9B8-88962B646ED3}.Release|x86.Build.0 = Release|Win32
	EndGlobalSection
	GlobalSection(SolutionProperties) = preSolution
		HideSolutionNode = FALSE
	EndGlobalSection
	GlobalSection(ExtensibilityGlobals) = postSolution
		SolutionGuid = {71075DB6-D854-43E8-ADF9-A5139C5A9BFD}
	EndGlobalSection
EndGlobal
